
Microsoft Visual Studio Solution File, Format Version 12.00
# Visual Studio Version 17
VisualStudioVersion = 17.14.36212.18 d17.14
MinimumVisualStudioVersion = 10.0.40219.1
Project("{FAE04EC0-301F-11D3-BF4B-00C04F79EFBC}") = "ConsoleApp2", "ConsoleApp2\ConsoleApp2.csproj", "{F8A7DA56-66D2-42A5-A9CF-F55F4E34AE1F}"
EndProject
Global
	GlobalSection(SolutionConfigurationPlatforms) = preSolution
		Debug|Any CPU = Debug|Any CPU
		Release|Any CPU = Release|Any CPU
	EndGlobalSection
	GlobalSection(ProjectConfigurationPlatforms) = postSolution
		{F8A7DA56-66D2-42A5-A9CF-F55F4E34AE1F}.Debug|Any CPU.ActiveCfg = Debug|Any CPU
		{F8A7DA56-66D2-42A5-A9CF-F55F4E34AE1F}.Debug|Any CPU.Build.0 = Debug|Any CPU
		{F8A7DA56-66D2-42A5-A9CF-F55F4E34AE1F}.Release|Any CPU.ActiveCfg = Release|Any CPU
		{F8A7DA56-66D2-42A5-A9CF-F55F4E34AE1F}.Release|Any CPU.Build.0 = Release|Any CPU
	EndGlobalSection
	GlobalSection(SolutionProperties) = preSolution
		HideSolutionNode = FALSE
	EndGlobalSection
	GlobalSection(ExtensibilityGlobals) = postSolution
		SolutionGuid = {34CCAE4E-1B61-48D3-A621-06133DCAC3EF}
	EndGlobalSection
EndGlobal
